
Microsoft Visual Studio Solution File, Format Version 12.00
# Visual Studio 15
VisualStudioVersion = 15.0.26124.0
MinimumVisualStudioVersion = 15.0.26124.0
Project("{9A19103F-16F7-4668-BE54-9A1E7A4F7556}") = "R5T.Sardinia.Construction", "R5T.Sardinia.Construction\R5T.Sardinia.Construction.csproj", "{A7C7D7CE-D4A7-455A-A061-C6C9E9A48D38}"
EndProject
Project("{9A19103F-16F7-4668-BE54-9A1E7A4F7556}") = "R5T.Sardinia", "R5T.Sardinia\R5T.Sardinia.csproj", "{5B85D2C3-3AB3-4985-BDCD-E2E1531844DD}"
EndProject
Project("{2150E333-8FDC-42A3-9474-1A3956D46DE8}") = "_Dependencies", "_Dependencies", "{716CB1B2-EA47-4C43-BCFB-FA3DB662CAA7}"
EndProject
Project("{9A19103F-16F7-4668-BE54-9A1E7A4F7556}") = "R5T.Chamavia", "..\..\R5T.Chamavia\source\R5T.Chamavia\R5T.Chamavia.csproj", "{0F9BC25D-063D-46FF-8B51-94AFDA5B6B6C}"
EndProject
Project("{9A19103F-16F7-4668-BE54-9A1E7A4F7556}") = "R5T.Dacia", "..\..\R5T.Dacia\source\R5T.Dacia\R5T.Dacia.csproj", "{0D5379BD-573B-496E-A428-5511594AE932}"
EndProject
Global
	GlobalSection(SolutionConfigurationPlatforms) = preSolution
		Debug|Any CPU = Debug|Any CPU
		Debug|x64 = Debug|x64
		Debug|x86 = Debug|x86
		Release|Any CPU = Release|Any CPU
		Release|x64 = Release|x64
		Release|x86 = Release|x86
	EndGlobalSection
	GlobalSection(ProjectConfigurationPlatforms) = postSolution
		{A7C7D7CE-D4A7-455A-A061-C6C9E9A48D38}.Debug|Any CPU.ActiveCfg = Debug|Any CPU
		{A7C7D7CE-D4A7-455A-A061-C6C9E9A48D38}.Debug|Any CPU.Build.0 = Debug|Any CPU
		{A7C7D7CE-D4A7-455A-A061-C6C9E9A48D38}.Debug|x64.ActiveCfg = Debug|Any CPU
		{A7C7D7CE-D4A7-455A-A061-C6C9E9A48D38}.Debug|x64.Build.0 = Debug|Any CPU
		{A7C7D7CE-D4A7-455A-A061-C6C9E9A48D38}.Debug|x86.ActiveCfg = Debug|Any CPU
		{A7C7D7CE-D4A7-455A-A061-C6C9E9A48D38}.Debug|x86.Build.0 = Debug|Any CPU
		{A7C7D7CE-D4A7-455A-A061-C6C9E9A48D38}.Release|Any CPU.ActiveCfg = Release|Any CPU
		{A7C7D7CE-D4A7-455A-A061-C6C9E9A48D38}.Release|Any CPU.Build.0 = Release|Any CPU
		{A7C7D7CE-D4A7-455A-A061-C6C9E9A48D38}.Release|x64.ActiveCfg = Release|Any CPU
		{A7C7D7CE-D4A7-455A-A061-C6C9E9A48D38}.Release|x64.Build.0 = Release|Any CPU
		{A7C7D7CE-D4A7-455A-A061-C6C9E9A48D38}.Release|x86.ActiveCfg = Release|Any CPU
		{A7C7D7CE-D4A7-455A-A061-C6C9E9A48D38}.Release|x86.Build.0 = Release|Any CPU
		{5B85D2C3-3AB3-4985-BDCD-E2E1531844DD}.Debug|Any CPU.ActiveCfg = Debug|Any CPU
		{5B85D2C3-3AB3-4985-BDCD-E2E1531844DD}.Debug|Any CPU.Build.0 = Debug|Any CPU
		{5B85D2C3-3AB3-4985-BDCD-E2E1531844DD}.Debug|x64.ActiveCfg = Debug|Any CPU
		{5B85D2C3-3AB3-4985-BDCD-E2E1531844DD}.Debug|x64.Build.0 = Debug|Any CPU
		{5B85D2C3-3AB3-4985-BDCD-E2E1531844DD}.Debug|x86.ActiveCfg = Debug|Any CPU
		{5B85D2C3-3AB3-4985-BDCD-E2E1531844DD}.Debug|x86.Build.0 = Debug|Any CPU
		{5B85D2C3-3AB3-4985-BDCD-E2E1531844DD}.Release|Any CPU.ActiveCfg = Release|Any CPU
		{5B85D2C3-3AB3-4985-BDCD-E2E1531844DD}.Release|Any CPU.Build.0 = Release|Any CPU
		{5B85D2C3-3AB3-4985-BDCD-E2E1531844DD}.Release|x64.ActiveCfg = Release|Any CPU
		{5B85D2C3-3AB3-4985-BDCD-E2E1531844DD}.Release|x64.Build.0 = Release|Any CPU
		{5B85D2C3-3AB3-4985-BDCD-E2E1531844DD}.Release|x86.ActiveCfg = Release|Any CPU
		{5B85D2C3-3AB3-4985-BDCD-E2E1531844DD}.Release|x86.Build.0 = Release|Any CPU
		{0F9BC25D-063D-46FF-8B51-94AFDA5B6B6C}.Debug|Any CPU.ActiveCfg = Debug|Any CPU
		{0F9BC25D-063D-46FF-8B51-94AFDA5B6B6C}.Debug|Any CPU.Build.0 = Debug|Any CPU
		{0F9BC25D-063D-46FF-8B51-94AFDA5B6B6C}.Debug|x64.ActiveCfg = Debug|Any CPU
		{0F9BC25D-063D-46FF-8B51-94AFDA5B6B6C}.Debug|x64.Build.0 = Debug|Any CPU
		{0F9BC25D-063D-46FF-8B51-94AFDA5B6B6C}.Debug|x86.ActiveCfg = Debug|Any CPU
		{0F9BC25D-063D-46FF-8B51-94AFDA5B6B6C}.Debug|x86.Build.0 = Debug|Any CPU
		{0F9BC25D-063D-46FF-8B51-94AFDA5B6B6C}.Release|Any CPU.ActiveCfg = Release|Any CPU
		{0F9BC25D-063D-46FF-8B51-94AFDA5B6B6C}.Release|Any CPU.Build.0 = Release|Any CPU
		{0F9BC25D-063D-46FF-8B51-94AFDA5B6B6C}.Release|x64.ActiveCfg = Release|Any CPU
		{0F9BC25D-063D-46FF-8B51-94AFDA5B6B6C}.Release|x64.Build.0 = Release|Any CPU
		{0F9BC25D-063D-46FF-8B51-94AFDA5B6B6C}.Release|x86.ActiveCfg = Release|Any CPU
		{0F9BC25D-063D-46FF-8B51-94AFDA5B6B6C}.Release|x86.Build.0 = Release|Any CPU
		{0D5379BD-573B-496E-A428-5511594AE932}.Debug|Any CPU.ActiveCfg = Debug|Any CPU
		{0D5379BD-573B-496E-A428-5511594AE932}.Debug|Any CPU.Build.0 = Debug|Any CPU
		{0D5379BD-573B-496E-A428-5511594AE932}.Debug|x64.ActiveCfg = Debug|Any CPU
		{0D5379BD-573B-496E-A428-5511594AE932}.Debug|x64.Build.0 = Debug|Any CPU
		{0D5379BD-573B-496E-A428-5511594AE932}.Debug|x86.ActiveCfg = Debug|Any CPU
		{0D5379BD-573B-496E-A428-5511594AE932}.Debug|x86.Build.0 = Debug|Any CPU
		{0D5379BD-573B-496E-A428-5511594AE932}.Release|Any CPU.ActiveCfg = Release|Any CPU
		{0D5379BD-573B-496E-A428-5511594AE932}.Release|Any CPU.Build.0 = Release|Any CPU
		{0D5379BD-573B-496E-A428-5511594AE932}.Release|x64.ActiveCfg = Release|Any CPU
		{0D5379BD-573B-496E-A428-5511594AE932}.Release|x64.Build.0 = Release|Any CPU
		{0D5379BD-573B-496E-A428-5511594AE932}.Release|x86.ActiveCfg = Release|Any CPU
		{0D5379BD-573B-496E-A428-5511594AE932}.Release|x86.Build.0 = Release|Any CPU
	EndGlobalSection
	GlobalSection(SolutionProperties) = preSolution
		HideSolutionNode = FALSE
	EndGlobalSection
	GlobalSection(NestedProjects) = preSolution
		{0F9BC25D-063D-46FF-8B51-94AFDA5B6B6C} = {716CB1B2-EA47-4C43-BCFB-FA3DB662CAA7}
		{0D5379BD-573B-496E-A428-5511594AE932} = {716CB1B2-EA47-4C43-BCFB-FA3DB662CAA7}
	EndGlobalSection
	GlobalSection(ExtensibilityGlobals) = postSolution
		SolutionGuid = {C2084034-44CD-4876-A47E-06F64C71449F}
	EndGlobalSection
EndGlobal
